
Microsoft Visual Studio Solution File, Format Version 12.00
# Visual Studio 15
VisualStudioVersion = 15.0.28307.168
MinimumVisualStudioVersion = 10.0.40219.1
Project("{FAE04EC0-301F-11D3-BF4B-00C04F79EFBC}") = "UDReports", "UDReports\UDReports.csproj", "{B3E23DD0-C5DA-46EA-8BD5-FA8C5249EDC7}"
EndProject
Global
	GlobalSection(SolutionConfigurationPlatforms) = preSolution
		Debug|Any CPU = Debug|Any CPU
		Release|Any CPU = Release|Any CPU
	EndGlobalSection
	GlobalSection(ProjectConfigurationPlatforms) = postSolution
		{B3E23DD0-C5DA-46EA-8BD5-FA8C5249EDC7}.Debug|Any CPU.ActiveCfg = Debug|Any CPU
		{B3E23DD0-C5DA-46EA-8BD5-FA8C5249EDC7}.Debug|Any CPU.Build.0 = Debug|Any CPU
		{B3E23DD0-C5DA-46EA-8BD5-FA8C5249EDC7}.Release|Any CPU.ActiveCfg = Release|Any CPU
		{B3E23DD0-C5DA-46EA-8BD5-FA8C5249EDC7}.Release|Any CPU.Build.0 = Release|Any CPU
	EndGlobalSection
	GlobalSection(SolutionProperties) = preSolution
		HideSolutionNode = FALSE
	EndGlobalSection
	GlobalSection(ExtensibilityGlobals) = postSolution
		SolutionGuid = {F71455D4-7728-4EC7-8AEB-30520E7411DF}
	EndGlobalSection
EndGlobal
